
Microsoft Visual Studio Solution File, Format Version 12.00
# Visual Studio Version 16
VisualStudioVersion = 16.0.28803.202
MinimumVisualStudioVersion = 10.0.40219.1
Project("{FAE04EC0-301F-11D3-BF4B-00C04F79EFBC}") = "TextFlowDialog", "TextFlowDialog\TextFlowDialog.csproj", "{D2EA789D-F2C7-4FD0-94FE-4CD003715674}"
EndProject
Global
	GlobalSection(SolutionConfigurationPlatforms) = preSolution
		Debug|Any CPU = Debug|Any CPU
		Release|Any CPU = Release|Any CPU
	EndGlobalSection
	GlobalSection(ProjectConfigurationPlatforms) = postSolution
		{D2EA789D-F2C7-4FD0-94FE-4CD003715674}.Debug|Any CPU.ActiveCfg = Debug|Any CPU
		{D2EA789D-F2C7-4FD0-94FE-4CD003715674}.Debug|Any CPU.Build.0 = Debug|Any CPU
		{D2EA789D-F2C7-4FD0-94FE-4CD003715674}.Release|Any CPU.ActiveCfg = Release|Any CPU
		{D2EA789D-F2C7-4FD0-94FE-4CD003715674}.Release|Any CPU.Build.0 = Release|Any CPU
	EndGlobalSection
	GlobalSection(SolutionProperties) = preSolution
		HideSolutionNode = FALSE
	EndGlobalSection
	GlobalSection(ExtensibilityGlobals) = postSolution
		SolutionGuid = {212E8170-37E8-45DD-9BB5-023E556BFBB6}
	EndGlobalSection
EndGlobal
